// !$*UTF8*$!
{
	archiveVersion = 1;
	classes = {
	};
	objectVersion = 50;
	objects = {

/* Begin PBXBuildFile section */
		B3C2E9E122C626F70075FDD0 /* AppDelegate.swift in Sources */ = {isa = PBXBuildFile; fileRef = B3C2E9E022C626F70075FDD0 /* AppDelegate.swift */; };
		B3C2E9E322C626F70075FDD0 /* ViewController.swift in Sources */ = {isa = PBXBuildFile; fileRef = B3C2E9E222C626F70075FDD0 /* ViewController.swift */; };
		B3C2E9E622C626F70075FDD0 /* Main.storyboard in Resources */ = {isa = PBXBuildFile; fileRef = B3C2E9E422C626F70075FDD0 /* Main.storyboard */; };
		B3C2E9E822C626F70075FDD0 /* Assets.xcassets in Resources */ = {isa = PBXBuildFile; fileRef = B3C2E9E722C626F70075FDD0 /* Assets.xcassets */; };
		B3C2E9EB22C626F70075FDD0 /* LaunchScreen.storyboard in Resources */ = {isa = PBXBuildFile; fileRef = B3C2E9E922C626F70075FDD0 /* LaunchScreen.storyboard */; };
		B3C2E9F822C62BA80075FDD0 /* User.swift in Sources */ = {isa = PBXBuildFile; fileRef = B3C2E9F722C62BA80075FDD0 /* User.swift */; };
		B3C2E9FA22C62C5C0075FDD0 /* Links.swift in Sources */ = {isa = PBXBuildFile; fileRef = B3C2E9F922C62C5C0075FDD0 /* Links.swift */; };
		B3C2E9FC22C62D3E0075FDD0 /* ImageProfile.swift in Sources */ = {isa = PBXBuildFile; fileRef = B3C2E9FB22C62D3E0075FDD0 /* ImageProfile.swift */; };
		B3C2E9FE22C62E040075FDD0 /* Image.swift in Sources */ = {isa = PBXBuildFile; fileRef = B3C2E9FD22C62E040075FDD0 /* Image.swift */; };
		B3C2EA0022C62EF80075FDD0 /* Category.swift in Sources */ = {isa = PBXBuildFile; fileRef = B3C2E9FF22C62EF80075FDD0 /* Category.swift */; };
		B3C2EA0222C62F000075FDD0 /* UrlProfile.swift in Sources */ = {isa = PBXBuildFile; fileRef = B3C2EA0122C62F000075FDD0 /* UrlProfile.swift */; };
		B3C2EA0422C6313D0075FDD0 /* URLs.swift in Sources */ = {isa = PBXBuildFile; fileRef = B3C2EA0322C6313D0075FDD0 /* URLs.swift */; };
/* End PBXBuildFile section */

/* Begin PBXFileReference section */
		B3C2E9DD22C626F70075FDD0 /* MindvalleyImageLoader.app */ = {isa = PBXFileReference; explicitFileType = wrapper.application; includeInIndex = 0; path = MindvalleyImageLoader.app; sourceTree = BUILT_PRODUCTS_DIR; };
		B3C2E9E022C626F70075FDD0 /* AppDelegate.swift */ = {isa = PBXFileReference; lastKnownFileType = sourcecode.swift; path = AppDelegate.swift; sourceTree = "<group>"; };
		B3C2E9E222C626F70075FDD0 /* ViewController.swift */ = {isa = PBXFileReference; lastKnownFileType = sourcecode.swift; path = ViewController.swift; sourceTree = "<group>"; };
		B3C2E9E522C626F70075FDD0 /* Base */ = {isa = PBXFileReference; lastKnownFileType = file.storyboard; name = Base; path = Base.lproj/Main.storyboard; sourceTree = "<group>"; };
		B3C2E9E722C626F70075FDD0 /* Assets.xcassets */ = {isa = PBXFileReference; lastKnownFileType = folder.assetcatalog; path = Assets.xcassets; sourceTree = "<group>"; };
		B3C2E9EA22C626F70075FDD0 /* Base */ = {isa = PBXFileReference; lastKnownFileType = file.storyboard; name = Base; path = Base.lproj/LaunchScreen.storyboard; sourceTree = "<group>"; };
		B3C2E9EC22C626F70075FDD0 /* Info.plist */ = {isa = PBXFileReference; lastKnownFileType = text.plist.xml; path = Info.plist; sourceTree = "<group>"; };
		B3C2E9F722C62BA80075FDD0 /* User.swift */ = {isa = PBXFileReference; lastKnownFileType = sourcecode.swift; path = User.swift; sourceTree = "<group>"; };
		B3C2E9F922C62C5C0075FDD0 /* Links.swift */ = {isa = PBXFileReference; lastKnownFileType = sourcecode.swift; path = Links.swift; sourceTree = "<group>"; };
		B3C2E9FB22C62D3E0075FDD0 /* ImageProfile.swift */ = {isa = PBXFileReference; lastKnownFileType = sourcecode.swift; path = ImageProfile.swift; sourceTree = "<group>"; };
		B3C2E9FD22C62E040075FDD0 /* Image.swift */ = {isa = PBXFileReference; lastKnownFileType = sourcecode.swift; path = Image.swift; sourceTree = "<group>"; };
		B3C2E9FF22C62EF80075FDD0 /* Category.swift */ = {isa = PBXFileReference; lastKnownFileType = sourcecode.swift; path = Category.swift; sourceTree = "<group>"; };
		B3C2EA0122C62F000075FDD0 /* UrlProfile.swift */ = {isa = PBXFileReference; lastKnownFileType = sourcecode.swift; path = UrlProfile.swift; sourceTree = "<group>"; };
		B3C2EA0322C6313D0075FDD0 /* URLs.swift */ = {isa = PBXFileReference; lastKnownFileType = sourcecode.swift; path = URLs.swift; sourceTree = "<group>"; };
/* End PBXFileReference section */

/* Begin PBXFrameworksBuildPhase section */
		B3C2E9DA22C626F70075FDD0 /* Frameworks */ = {
			isa = PBXFrameworksBuildPhase;
			buildActionMask = 2147483647;
			files = (
			);
			runOnlyForDeploymentPostprocessing = 0;
		};
/* End PBXFrameworksBuildPhase section */

/* Begin PBXGroup section */
		B3C2E9D422C626F60075FDD0 = {
			isa = PBXGroup;
			children = (
				B3C2E9DF22C626F70075FDD0 /* MindvalleyImageLoader */,
				B3C2E9DE22C626F70075FDD0 /* Products */,
			);
			sourceTree = "<group>";
		};
		B3C2E9DE22C626F70075FDD0 /* Products */ = {
			isa = PBXGroup;
			children = (
				B3C2E9DD22C626F70075FDD0 /* MindvalleyImageLoader.app */,
			);
			name = Products;
			sourceTree = "<group>";
		};
		B3C2E9DF22C626F70075FDD0 /* MindvalleyImageLoader */ = {
			isa = PBXGroup;
			children = (
				B3C2E9F622C62B250075FDD0 /* Others */,
				B3C2E9F322C62B090075FDD0 /* MainView */,
			);
			path = MindvalleyImageLoader;
			sourceTree = "<group>";
		};
		B3C2E9F222C62AFC0075FDD0 /* Model */ = {
			isa = PBXGroup;
			children = (
				B3C2E9F722C62BA80075FDD0 /* User.swift */,
				B3C2E9F922C62C5C0075FDD0 /* Links.swift */,
				B3C2E9FB22C62D3E0075FDD0 /* ImageProfile.swift */,
				B3C2E9FD22C62E040075FDD0 /* Image.swift */,
				B3C2EA0122C62F000075FDD0 /* UrlProfile.swift */,
				B3C2E9FF22C62EF80075FDD0 /* Category.swift */,
			);
			path = Model;
			sourceTree = "<group>";
		};
		B3C2E9F322C62B090075FDD0 /* MainView */ = {
			isa = PBXGroup;
			children = (
				B3C2E9F522C62B180075FDD0 /* Controller */,
				B3C2E9F422C62B130075FDD0 /* View */,
				B3C2E9F222C62AFC0075FDD0 /* Model */,
			);
			path = MainView;
			sourceTree = "<group>";
		};
		B3C2E9F422C62B130075FDD0 /* View */ = {
			isa = PBXGroup;
			children = (
				B3C2E9E422C626F70075FDD0 /* Main.storyboard */,
			);
			path = View;
			sourceTree = "<group>";
		};
		B3C2E9F522C62B180075FDD0 /* Controller */ = {
			isa = PBXGroup;
			children = (
				B3C2E9E222C626F70075FDD0 /* ViewController.swift */,
			);
			path = Controller;
			sourceTree = "<group>";
		};
		B3C2E9F622C62B250075FDD0 /* Others */ = {
			isa = PBXGroup;
			children = (
				B3C2E9E922C626F70075FDD0 /* LaunchScreen.storyboard */,
				B3C2E9E722C626F70075FDD0 /* Assets.xcassets */,
				B3C2E9E022C626F70075FDD0 /* AppDelegate.swift */,
				B3C2E9EC22C626F70075FDD0 /* Info.plist */,
				B3C2EA0322C6313D0075FDD0 /* URLs.swift */,
			);
			path = Others;
			sourceTree = "<group>";
		};
/* End PBXGroup section */

/* Begin PBXNativeTarget section */
		B3C2E9DC22C626F70075FDD0 /* MindvalleyImageLoader */ = {
			isa = PBXNativeTarget;
			buildConfigurationList = B3C2E9EF22C626F70075FDD0 /* Build configuration list for PBXNativeTarget "MindvalleyImageLoader" */;
			buildPhases = (
				B3C2E9D922C626F70075FDD0 /* Sources */,
				B3C2E9DA22C626F70075FDD0 /* Frameworks */,
				B3C2E9DB22C626F70075FDD0 /* Resources */,
			);
			buildRules = (
			);
			dependencies = (
			);
			name = MindvalleyImageLoader;
			productName = MindvalleyImageLoader;
			productReference = B3C2E9DD22C626F70075FDD0 /* MindvalleyImageLoader.app */;
			productType = "com.apple.product-type.application";
		};
/* End PBXNativeTarget section */

/* Begin PBXProject section */
		B3C2E9D522C626F60075FDD0 /* Project object */ = {
			isa = PBXProject;
			attributes = {
				LastSwiftUpdateCheck = 1010;
				LastUpgradeCheck = 1010;
				ORGANIZATIONNAME = erfan;
				TargetAttributes = {
					B3C2E9DC22C626F70075FDD0 = {
						CreatedOnToolsVersion = 10.1;
					};
				};
			};
			buildConfigurationList = B3C2E9D822C626F60075FDD0 /* Build configuration list for PBXProject "MindvalleyImageLoader" */;
			compatibilityVersion = "Xcode 9.3";
			developmentRegion = en;
			hasScannedForEncodings = 0;
			knownRegions = (
				en,
				Base,
			);
			mainGroup = B3C2E9D422C626F60075FDD0;
			productRefGroup = B3C2E9DE22C626F70075FDD0 /* Products */;
			projectDirPath = "";
			projectRoot = "";
			targets = (
				B3C2E9DC22C626F70075FDD0 /* MindvalleyImageLoader */,
			);
		};
/* End PBXProject section */

/* Begin PBXResourcesBuildPhase section */
		B3C2E9DB22C626F70075FDD0 /* Resources */ = {
			isa = PBXResourcesBuildPhase;
			buildActionMask = 2147483647;
			files = (
				B3C2E9EB22C626F70075FDD0 /* LaunchScreen.storyboard in Resources */,
				B3C2E9E822C626F70075FDD0 /* Assets.xcassets in Resources */,
				B3C2E9E622C626F70075FDD0 /* Main.storyboard in Resources */,
			);
			runOnlyForDeploymentPostprocessing = 0;
		};
/* End PBXResourcesBuildPhase section */

/* Begin PBXSourcesBuildPhase section */
		B3C2E9D922C626F70075FDD0 /* Sources */ = {
			isa = PBXSourcesBuildPhase;
			buildActionMask = 2147483647;
			files = (
				B3C2E9E322C626F70075FDD0 /* ViewController.swift in Sources */,
				B3C2EA0422C6313D0075FDD0 /* URLs.swift in Sources */,
				B3C2E9FE22C62E040075FDD0 /* Image.swift in Sources */,
				B3C2E9E122C626F70075FDD0 /* AppDelegate.swift in Sources */,
				B3C2E9FC22C62D3E0075FDD0 /* ImageProfile.swift in Sources */,
				B3C2E9F822C62BA80075FDD0 /* User.swift in Sources */,
				B3C2E9FA22C62C5C0075FDD0 /* Links.swift in Sources */,
				B3C2EA0022C62EF80075FDD0 /* Category.swift in Sources */,
				B3C2EA0222C62F000075FDD0 /* UrlProfile.swift in Sources */,
			);
			runOnlyForDeploymentPostprocessing = 0;
		};
/* End PBXSourcesBuildPhase section */

/* Begin PBXVariantGroup section */
		B3C2E9E422C626F70075FDD0 /* Main.storyboard */ = {
			isa = PBXVariantGroup;
			children = (
				B3C2E9E522C626F70075FDD0 /* Base */,
			);
			name = Main.storyboard;
			sourceTree = "<group>";
		};
		B3C2E9E922C626F70075FDD0 /* LaunchScreen.storyboard */ = {
			isa = PBXVariantGroup;
			children = (
				B3C2E9EA22C626F70075FDD0 /* Base */,
			);
			name = LaunchScreen.storyboard;
			sourceTree = "<group>";
		};
/* End PBXVariantGroup section */

/* Begin XCBuildConfiguration section */
		B3C2E9ED22C626F70075FDD0 /* Debug */ = {
			isa = XCBuildConfiguration;
			buildSettings = {
				ALWAYS_SEARCH_USER_PATHS = NO;
				CLANG_ANALYZER_NONNULL = YES;
				CLANG_ANALYZER_NUMBER_OBJECT_CONVERSION = YES_AGGRESSIVE;
				CLANG_CXX_LANGUAGE_STANDARD = "gnu++14";
				CLANG_CXX_LIBRARY = "libc++";
				CLANG_ENABLE_MODULES = YES;
				CLANG_ENABLE_OBJC_ARC = YES;
				CLANG_ENABLE_OBJC_WEAK = YES;
				CLANG_WARN_BLOCK_CAPTURE_AUTORELEASING = YES;
				CLANG_WARN_BOOL_CONVERSION = YES;
				CLANG_WARN_COMMA = YES;
				CLANG_WARN_CONSTANT_CONVERSION = YES;
				CLANG_WARN_DEPRECATED_OBJC_IMPLEMENTATIONS = YES;
				CLANG_WARN_DIRECT_OBJC_ISA_USAGE = YES_ERROR;
				CLANG_WARN_DOCUMENTATION_COMMENTS = YES;
				CLANG_WARN_EMPTY_BODY = YES;
				CLANG_WARN_ENUM_CONVERSION = YES;
				CLANG_WARN_INFINITE_RECURSION = YES;
				CLANG_WARN_INT_CONVERSION = YES;
				CLANG_WARN_NON_LITERAL_NULL_CONVERSION = YES;
				CLANG_WARN_OBJC_IMPLICIT_RETAIN_SELF = YES;
				CLANG_WARN_OBJC_LITERAL_CONVERSION = YES;
				CLANG_WARN_OBJC_ROOT_CLASS = YES_ERROR;
				CLANG_WARN_RANGE_LOOP_ANALYSIS = YES;
				CLANG_WARN_STRICT_PROTOTYPES = YES;
				CLANG_WARN_SUSPICIOUS_MOVE = YES;
				CLANG_WARN_UNGUARDED_AVAILABILITY = YES_AGGRESSIVE;
				CLANG_WARN_UNREACHABLE_CODE = YES;
				CLANG_WARN__DUPLICATE_METHOD_MATCH = YES;
				CODE_SIGN_IDENTITY = "iPhone Developer";
				COPY_PHASE_STRIP = NO;
				DEBUG_INFORMATION_FORMAT = dwarf;
				ENABLE_STRICT_OBJC_MSGSEND = YES;
				ENABLE_TESTABILITY = YES;
				GCC_C_LANGUAGE_STANDARD = gnu11;
				GCC_DYNAMIC_NO_PIC = NO;
				GCC_NO_COMMON_BLOCKS = YES;
				GCC_OPTIMIZATION_LEVEL = 0;
				GCC_PREPROCESSOR_DEFINITIONS = (
					"DEBUG=1",
					"$(inherited)",
				);
				GCC_WARN_64_TO_32_BIT_CONVERSION = YES;
				GCC_WARN_ABOUT_RETURN_TYPE = YES_ERROR;
				GCC_WARN_UNDECLARED_SELECTOR = YES;
				GCC_WARN_UNINITIALIZED_AUTOS = YES_AGGRESSIVE;
				GCC_WARN_UNUSED_FUNCTION = YES;
				GCC_WARN_UNUSED_VARIABLE = YES;
				IPHONEOS_DEPLOYMENT_TARGET = 12.1;
				MTL_ENABLE_DEBUG_INFO = INCLUDE_SOURCE;
				MTL_FAST_MATH = YES;
				ONLY_ACTIVE_ARCH = YES;
				SDKROOT = iphoneos;
				SWIFT_ACTIVE_COMPILATION_CONDITIONS = DEBUG;
				SWIFT_OPTIMIZATION_LEVEL = "-Onone";
			};
			name = Debug;
		};
		B3C2E9EE22C626F70075FDD0 /* Release */ = {
			isa = XCBuildConfiguration;
			buildSettings = {
				ALWAYS_SEARCH_USER_PATHS = NO;
				CLANG_ANALYZER_NONNULL = YES;
				CLANG_ANALYZER_NUMBER_OBJECT_CONVERSION = YES_AGGRESSIVE;
				CLANG_CXX_LANGUAGE_STANDARD = "gnu++14";
				CLANG_CXX_LIBRARY = "libc++";
				CLANG_ENABLE_MODULES = YES;
				CLANG_ENABLE_OBJC_ARC = YES;
				CLANG_ENABLE_OBJC_WEAK = YES;
				CLANG_WARN_BLOCK_CAPTURE_AUTORELEASING = YES;
				CLANG_WARN_BOOL_CONVERSION = YES;
				CLANG_WARN_COMMA = YES;
				CLANG_WARN_CONSTANT_CONVERSION = YES;
				CLANG_WARN_DEPRECATED_OBJC_IMPLEMENTATIONS = YES;
				CLANG_WARN_DIRECT_OBJC_ISA_USAGE = YES_ERROR;
				CLANG_WARN_DOCUMENTATION_COMMENTS = YES;
				CLANG_WARN_EMPTY_BODY = YES;
				CLANG_WARN_ENUM_CONVERSION = YES;
				CLANG_WARN_INFINITE_RECURSION = YES;
				CLANG_WARN_INT_CONVERSION = YES;
				CLANG_WARN_NON_LITERAL_NULL_CONVERSION = YES;
				CLANG_WARN_OBJC_IMPLICIT_RETAIN_SELF = YES;
				CLANG_WARN_OBJC_LITERAL_CONVERSION = YES;
				CLANG_WARN_OBJC_ROOT_CLASS = YES_ERROR;
				CLANG_WARN_RANGE_LOOP_ANALYSIS = YES;
				CLANG_WARN_STRICT_PROTOTYPES = YES;
				CLANG_WARN_SUSPICIOUS_MOVE = YES;
				CLANG_WARN_UNGUARDED_AVAILABILITY = YES_AGGRESSIVE;
				CLANG_WARN_UNREACHABLE_CODE = YES;
				CLANG_WARN__DUPLICATE_METHOD_MATCH = YES;
				CODE_SIGN_IDENTITY = "iPhone Developer";
				COPY_PHASE_STRIP = NO;
				DEBUG_INFORMATION_FORMAT = "dwarf-with-dsym";
				ENABLE_NS_ASSERTIONS = NO;
				ENABLE_STRICT_OBJC_MSGSEND = YES;
				GCC_C_LANGUAGE_STANDARD = gnu11;
				GCC_NO_COMMON_BLOCKS = YES;
				GCC_WARN_64_TO_32_BIT_CONVERSION = YES;
				GCC_WARN_ABOUT_RETURN_TYPE = YES_ERROR;
				GCC_WARN_UNDECLARED_SELECTOR = YES;
				GCC_WARN_UNINITIALIZED_AUTOS = YES_AGGRESSIVE;
				GCC_WARN_UNUSED_FUNCTION = YES;
				GCC_WARN_UNUSED_VARIABLE = YES;
				IPHONEOS_DEPLOYMENT_TARGET = 12.1;
				MTL_ENABLE_DEBUG_INFO = NO;
				MTL_FAST_MATH = YES;
				SDKROOT = iphoneos;
				SWIFT_COMPILATION_MODE = wholemodule;
				SWIFT_OPTIMIZATION_LEVEL = "-O";
				VALIDATE_PRODUCT = YES;
			};
			name = Release;
		};
		B3C2E9F022C626F70075FDD0 /* Debug */ = {
			isa = XCBuildConfiguration;
			buildSettings = {
				ASSETCATALOG_COMPILER_APPICON_NAME = AppIcon;
				CODE_SIGN_STYLE = Automatic;
				DEVELOPMENT_TEAM = 54HDDP27D9;
				INFOPLIST_FILE = "$(SRCROOT)/MindvalleyImageLoader/Others/Info.plist";
				LD_RUNPATH_SEARCH_PATHS = (
					"$(inherited)",
					"@executable_path/Frameworks",
				);
				PRODUCT_BUNDLE_IDENTIFIER = andesta.erfan.MindvalleyImageLoader;
				PRODUCT_NAME = "$(TARGET_NAME)";
				SWIFT_VERSION = 4.2;
				TARGETED_DEVICE_FAMILY = "1,2";
			};
			name = Debug;
		};
		B3C2E9F122C626F70075FDD0 /* Release */ = {
			isa = XCBuildConfiguration;
			buildSettings = {
				ASSETCATALOG_COMPILER_APPICON_NAME = AppIcon;
				CODE_SIGN_STYLE = Automatic;
				DEVELOPMENT_TEAM = 54HDDP27D9;
				INFOPLIST_FILE = "$(SRCROOT)/MindvalleyImageLoader/Others/Info.plist";
				LD_RUNPATH_SEARCH_PATHS = (
					"$(inherited)",
					"@executable_path/Frameworks",
				);
				PRODUCT_BUNDLE_IDENTIFIER = andesta.erfan.MindvalleyImageLoader;
				PRODUCT_NAME = "$(TARGET_NAME)";
				SWIFT_VERSION = 4.2;
				TARGETED_DEVICE_FAMILY = "1,2";
			};
			name = Release;
		};
/* End XCBuildConfiguration section */

/* Begin XCConfigurationList section */
		B3C2E9D822C626F60075FDD0 /* Build configuration list for PBXProject "MindvalleyImageLoader" */ = {
			isa = XCConfigurationList;
			buildConfigurations = (
				B3C2E9ED22C626F70075FDD0 /* Debug */,
				B3C2E9EE22C626F70075FDD0 /* Release */,
			);
			defaultConfigurationIsVisible = 0;
			defaultConfigurationName = Release;
		};
		B3C2E9EF22C626F70075FDD0 /* Build configuration list for PBXNativeTarget "MindvalleyImageLoader" */ = {
			isa = XCConfigurationList;
			buildConfigurations = (
				B3C2E9F022C626F70075FDD0 /* Debug */,
				B3C2E9F122C626F70075FDD0 /* Release */,
			);
			defaultConfigurationIsVisible = 0;
			defaultConfigurationName = Release;
		};
/* End XCConfigurationList section */
	};
	rootObject = B3C2E9D522C626F60075FDD0 /* Project object */;
}
